
Microsoft Visual Studio Solution File, Format Version 12.00
# Visual Studio Version 16
VisualStudioVersion = 16.0.29102.190
MinimumVisualStudioVersion = 10.0.40219.1
Project("{8BC9CEB8-8B4A-11D0-8D11-00A0C91BC942}") = "Grafix.Timer", "Grafix.Timer\Grafix.Timer.vcxproj", "{2001A689-A9AA-4219-9CBD-48A2B3B44E10}"
EndProject
Project("{8BC9CEB8-8B4A-11D0-8D11-00A0C91BC942}") = "Grafix.Timer.Console", "Grafix.Timer.Console\Grafix.Timer.Console.vcxproj", "{E8747257-2A55-4FE5-891A-A597379226F2}"
	ProjectSection(ProjectDependencies) = postProject
		{2001A689-A9AA-4219-9CBD-48A2B3B44E10} = {2001A689-A9AA-4219-9CBD-48A2B3B44E10}
	EndProjectSection
EndProject
Project("{8BC9CEB8-8B4A-11D0-8D11-00A0C91BC942}") = "Grafix.IO", "Grafix.IO\Grafix.IO.vcxproj", "{C251523F-A66F-4722-8226-559C8AC881EE}"
EndProject
Project("{8BC9CEB8-8B4A-11D0-8D11-00A0C91BC942}") = "Grafix.IO.Console", "Grafix.IO.Console\Grafix.IO.Console.vcxproj", "{37444680-2D83-44AF-99DD-6AF7014C523D}"
	ProjectSection(ProjectDependencies) = postProject
		{C251523F-A66F-4722-8226-559C8AC881EE} = {C251523F-A66F-4722-8226-559C8AC881EE}
	EndProjectSection
EndProject
Project("{8BC9CEB8-8B4A-11D0-8D11-00A0C91BC942}") = "Grafix.UI", "Grafix.UI\Grafix.UI.vcxproj", "{02892ACD-53E4-4A92-B750-25132F3283D2}"
	ProjectSection(ProjectDependencies) = postProject
		{C251523F-A66F-4722-8226-559C8AC881EE} = {C251523F-A66F-4722-8226-559C8AC881EE}
		{2001A689-A9AA-4219-9CBD-48A2B3B44E10} = {2001A689-A9AA-4219-9CBD-48A2B3B44E10}
	EndProjectSection
EndProject
Project("{2150E333-8FDC-42A3-9474-1A3956D46DE8}") = "Bitmaps", "Bitmaps", "{65D0D213-5077-4431-88F3-54B4C0D8FE7F}"
	ProjectSection(SolutionItems) = preProject
		heightmap5.bmp = heightmap5.bmp
		heightmap_test.bmp = heightmap_test.bmp
		test_bitmap.bmp = test_bitmap.bmp
		test_bitmap_needs_padding_5_by_5.bmp = test_bitmap_needs_padding_5_by_5.bmp
		usgs_colo_springs.bmp = usgs_colo_springs.bmp
		usgs_ft_worth.bmp = usgs_ft_worth.bmp
	EndProjectSection
EndProject
Project("{8BC9CEB8-8B4A-11D0-8D11-00A0C91BC942}") = "Grafix.Algorithms", "Grafix.Algorithms\Grafix.Algorithms.vcxproj", "{3B94AB20-2201-4593-BEC4-E218F958CDC7}"
EndProject
Project("{8BC9CEB8-8B4A-11D0-8D11-00A0C91BC942}") = "Grafix.Algorithms.Console", "Grafix.Algorithms.Console\Grafix.Algorithms.Console.vcxproj", "{4442D3E2-E155-4965-9FBE-1C9B60A2E996}"
	ProjectSection(ProjectDependencies) = postProject
		{3B94AB20-2201-4593-BEC4-E218F958CDC7} = {3B94AB20-2201-4593-BEC4-E218F958CDC7}
	EndProjectSection
EndProject
Project("{8BC9CEB8-8B4A-11D0-8D11-00A0C91BC942}") = "Grafix.UI2", "Grafix.UI2\Grafix.UI2.vcxproj", "{2DD7B057-089D-45FE-908C-F4D6E55C5F18}"
	ProjectSection(ProjectDependencies) = postProject
		{3B94AB20-2201-4593-BEC4-E218F958CDC7} = {3B94AB20-2201-4593-BEC4-E218F958CDC7}
		{C251523F-A66F-4722-8226-559C8AC881EE} = {C251523F-A66F-4722-8226-559C8AC881EE}
		{2001A689-A9AA-4219-9CBD-48A2B3B44E10} = {2001A689-A9AA-4219-9CBD-48A2B3B44E10}
	EndProjectSection
EndProject
Project("{FAE04EC0-301F-11D3-BF4B-00C04F79EFBC}") = "Grafix.TerrainCreator", "Grafix.TerrainCreator\Grafix.TerrainCreator.csproj", "{7F6FC0F1-B09B-4E60-8178-797232A7880E}"
EndProject
Global
	GlobalSection(SolutionConfigurationPlatforms) = preSolution
		Debug|Any CPU = Debug|Any CPU
		Debug|x64 = Debug|x64
		Debug|x86 = Debug|x86
		Release|Any CPU = Release|Any CPU
		Release|x64 = Release|x64
		Release|x86 = Release|x86
	EndGlobalSection
	GlobalSection(ProjectConfigurationPlatforms) = postSolution
		{2001A689-A9AA-4219-9CBD-48A2B3B44E10}.Debug|Any CPU.ActiveCfg = Debug|Win32
		{2001A689-A9AA-4219-9CBD-48A2B3B44E10}.Debug|x64.ActiveCfg = Debug|x64
		{2001A689-A9AA-4219-9CBD-48A2B3B44E10}.Debug|x64.Build.0 = Debug|x64
		{2001A689-A9AA-4219-9CBD-48A2B3B44E10}.Debug|x86.ActiveCfg = Debug|Win32
		{2001A689-A9AA-4219-9CBD-48A2B3B44E10}.Debug|x86.Build.0 = Debug|Win32
		{2001A689-A9AA-4219-9CBD-48A2B3B44E10}.Release|Any CPU.ActiveCfg = Release|Win32
		{2001A689-A9AA-4219-9CBD-48A2B3B44E10}.Release|x64.ActiveCfg = Release|x64
		{2001A689-A9AA-4219-9CBD-48A2B3B44E10}.Release|x64.Build.0 = Release|x64
		{2001A689-A9AA-4219-9CBD-48A2B3B44E10}.Release|x86.ActiveCfg = Release|Win32
		{2001A689-A9AA-4219-9CBD-48A2B3B44E10}.Release|x86.Build.0 = Release|Win32
		{E8747257-2A55-4FE5-891A-A597379226F2}.Debug|Any CPU.ActiveCfg = Debug|Win32
		{E8747257-2A55-4FE5-891A-A597379226F2}.Debug|x64.ActiveCfg = Debug|x64
		{E8747257-2A55-4FE5-891A-A597379226F2}.Debug|x64.Build.0 = Debug|x64
		{E8747257-2A55-4FE5-891A-A597379226F2}.Debug|x86.ActiveCfg = Debug|Win32
		{E8747257-2A55-4FE5-891A-A597379226F2}.Debug|x86.Build.0 = Debug|Win32
		{E8747257-2A55-4FE5-891A-A597379226F2}.Release|Any CPU.ActiveCfg = Release|Win32
		{E8747257-2A55-4FE5-891A-A597379226F2}.Release|x64.ActiveCfg = Release|x64
		{E8747257-2A55-4FE5-891A-A597379226F2}.Release|x64.Build.0 = Release|x64
		{E8747257-2A55-4FE5-891A-A597379226F2}.Release|x86.ActiveCfg = Release|Win32
		{E8747257-2A55-4FE5-891A-A597379226F2}.Release|x86.Build.0 = Release|Win32
		{C251523F-A66F-4722-8226-559C8AC881EE}.Debug|Any CPU.ActiveCfg = Debug|Win32
		{C251523F-A66F-4722-8226-559C8AC881EE}.Debug|x64.ActiveCfg = Debug|x64
		{C251523F-A66F-4722-8226-559C8AC881EE}.Debug|x64.Build.0 = Debug|x64
		{C251523F-A66F-4722-8226-559C8AC881EE}.Debug|x86.ActiveCfg = Debug|Win32
		{C251523F-A66F-4722-8226-559C8AC881EE}.Debug|x86.Build.0 = Debug|Win32
		{C251523F-A66F-4722-8226-559C8AC881EE}.Release|Any CPU.ActiveCfg = Release|Win32
		{C251523F-A66F-4722-8226-559C8AC881EE}.Release|x64.ActiveCfg = Release|x64
		{C251523F-A66F-4722-8226-559C8AC881EE}.Release|x64.Build.0 = Release|x64
		{C251523F-A66F-4722-8226-559C8AC881EE}.Release|x86.ActiveCfg = Release|Win32
		{C251523F-A66F-4722-8226-559C8AC881EE}.Release|x86.Build.0 = Release|Win32
		{37444680-2D83-44AF-99DD-6AF7014C523D}.Debug|Any CPU.ActiveCfg = Debug|Win32
		{37444680-2D83-44AF-99DD-6AF7014C523D}.Debug|x64.ActiveCfg = Debug|x64
		{37444680-2D83-44AF-99DD-6AF7014C523D}.Debug|x64.Build.0 = Debug|x64
		{37444680-2D83-44AF-99DD-6AF7014C523D}.Debug|x86.ActiveCfg = Debug|Win32
		{37444680-2D83-44AF-99DD-6AF7014C523D}.Debug|x86.Build.0 = Debug|Win32
		{37444680-2D83-44AF-99DD-6AF7014C523D}.Release|Any CPU.ActiveCfg = Release|Win32
		{37444680-2D83-44AF-99DD-6AF7014C523D}.Release|x64.ActiveCfg = Release|x64
		{37444680-2D83-44AF-99DD-6AF7014C523D}.Release|x64.Build.0 = Release|x64
		{37444680-2D83-44AF-99DD-6AF7014C523D}.Release|x86.ActiveCfg = Release|Win32
		{37444680-2D83-44AF-99DD-6AF7014C523D}.Release|x86.Build.0 = Release|Win32
		{02892ACD-53E4-4A92-B750-25132F3283D2}.Debug|Any CPU.ActiveCfg = Debug|Win32
		{02892ACD-53E4-4A92-B750-25132F3283D2}.Debug|x64.ActiveCfg = Debug|x64
		{02892ACD-53E4-4A92-B750-25132F3283D2}.Debug|x64.Build.0 = Debug|x64
		{02892ACD-53E4-4A92-B750-25132F3283D2}.Debug|x86.ActiveCfg = Debug|Win32
		{02892ACD-53E4-4A92-B750-25132F3283D2}.Debug|x86.Build.0 = Debug|Win32
		{02892ACD-53E4-4A92-B750-25132F3283D2}.Release|Any CPU.ActiveCfg = Release|Win32
		{02892ACD-53E4-4A92-B750-25132F3283D2}.Release|x64.ActiveCfg = Release|x64
		{02892ACD-53E4-4A92-B750-25132F3283D2}.Release|x64.Build.0 = Release|x64
		{02892ACD-53E4-4A92-B750-25132F3283D2}.Release|x86.ActiveCfg = Release|Win32
		{02892ACD-53E4-4A92-B750-25132F3283D2}.Release|x86.Build.0 = Release|Win32
		{3B94AB20-2201-4593-BEC4-E218F958CDC7}.Debug|Any CPU.ActiveCfg = Debug|Win32
		{3B94AB20-2201-4593-BEC4-E218F958CDC7}.Debug|x64.ActiveCfg = Debug|x64
		{3B94AB20-2201-4593-BEC4-E218F958CDC7}.Debug|x64.Build.0 = Debug|x64
		{3B94AB20-2201-4593-BEC4-E218F958CDC7}.Debug|x86.ActiveCfg = Debug|Win32
		{3B94AB20-2201-4593-BEC4-E218F958CDC7}.Debug|x86.Build.0 = Debug|Win32
		{3B94AB20-2201-4593-BEC4-E218F958CDC7}.Release|Any CPU.ActiveCfg = Release|Win32
		{3B94AB20-2201-4593-BEC4-E218F958CDC7}.Release|x64.ActiveCfg = Release|x64
		{3B94AB20-2201-4593-BEC4-E218F958CDC7}.Release|x64.Build.0 = Release|x64
		{3B94AB20-2201-4593-BEC4-E218F958CDC7}.Release|x86.ActiveCfg = Release|Win32
		{3B94AB20-2201-4593-BEC4-E218F958CDC7}.Release|x86.Build.0 = Release|Win32
		{4442D3E2-E155-4965-9FBE-1C9B60A2E996}.Debug|Any CPU.ActiveCfg = Debug|Win32
		{4442D3E2-E155-4965-9FBE-1C9B60A2E996}.Debug|x64.ActiveCfg = Debug|x64
		{4442D3E2-E155-4965-9FBE-1C9B60A2E996}.Debug|x64.Build.0 = Debug|x64
		{4442D3E2-E155-4965-9FBE-1C9B60A2E996}.Debug|x86.ActiveCfg = Debug|Win32
		{4442D3E2-E155-4965-9FBE-1C9B60A2E996}.Debug|x86.Build.0 = Debug|Win32
		{4442D3E2-E155-4965-9FBE-1C9B60A2E996}.Release|Any CPU.ActiveCfg = Release|Win32
		{4442D3E2-E155-4965-9FBE-1C9B60A2E996}.Release|x64.ActiveCfg = Release|x64
		{4442D3E2-E155-4965-9FBE-1C9B60A2E996}.Release|x64.Build.0 = Release|x64
		{4442D3E2-E155-4965-9FBE-1C9B60A2E996}.Release|x86.ActiveCfg = Release|Win32
		{4442D3E2-E155-4965-9FBE-1C9B60A2E996}.Release|x86.Build.0 = Release|Win32
		{2DD7B057-089D-45FE-908C-F4D6E55C5F18}.Debug|Any CPU.ActiveCfg = Debug|Win32
		{2DD7B057-089D-45FE-908C-F4D6E55C5F18}.Debug|x64.ActiveCfg = Debug|x64
		{2DD7B057-089D-45FE-908C-F4D6E55C5F18}.Debug|x64.Build.0 = Debug|x64
		{2DD7B057-089D-45FE-908C-F4D6E55C5F18}.Debug|x86.ActiveCfg = Debug|Win32
		{2DD7B057-089D-45FE-908C-F4D6E55C5F18}.Debug|x86.Build.0 = Debug|Win32
		{2DD7B057-089D-45FE-908C-F4D6E55C5F18}.Release|Any CPU.ActiveCfg = Release|Win32
		{2DD7B057-089D-45FE-908C-F4D6E55C5F18}.Release|x64.ActiveCfg = Release|x64
		{2DD7B057-089D-45FE-908C-F4D6E55C5F18}.Release|x64.Build.0 = Release|x64
		{2DD7B057-089D-45FE-908C-F4D6E55C5F18}.Release|x86.ActiveCfg = Release|Win32
		{2DD7B057-089D-45FE-908C-F4D6E55C5F18}.Release|x86.Build.0 = Release|Win32
		{7F6FC0F1-B09B-4E60-8178-797232A7880E}.Debug|Any CPU.ActiveCfg = Debug|Any CPU
		{7F6FC0F1-B09B-4E60-8178-797232A7880E}.Debug|Any CPU.Build.0 = Debug|Any CPU
		{7F6FC0F1-B09B-4E60-8178-797232A7880E}.Debug|x64.ActiveCfg = Debug|Any CPU
		{7F6FC0F1-B09B-4E60-8178-797232A7880E}.Debug|x64.Build.0 = Debug|Any CPU
		{7F6FC0F1-B09B-4E60-8178-797232A7880E}.Debug|x86.ActiveCfg = Debug|Any CPU
		{7F6FC0F1-B09B-4E60-8178-797232A7880E}.Debug|x86.Build.0 = Debug|Any CPU
		{7F6FC0F1-B09B-4E60-8178-797232A7880E}.Release|Any CPU.ActiveCfg = Release|Any CPU
		{7F6FC0F1-B09B-4E60-8178-797232A7880E}.Release|Any CPU.Build.0 = Release|Any CPU
		{7F6FC0F1-B09B-4E60-8178-797232A7880E}.Release|x64.ActiveCfg = Release|Any CPU
		{7F6FC0F1-B09B-4E60-8178-797232A7880E}.Release|x64.Build.0 = Release|Any CPU
		{7F6FC0F1-B09B-4E60-8178-797232A7880E}.Release|x86.ActiveCfg = Release|Any CPU
		{7F6FC0F1-B09B-4E60-8178-797232A7880E}.Release|x86.Build.0 = Release|Any CPU
	EndGlobalSection
	GlobalSection(SolutionProperties) = preSolution
		HideSolutionNode = FALSE
	EndGlobalSection
	GlobalSection(ExtensibilityGlobals) = postSolution
		SolutionGuid = {3131DAB6-7BF0-4880-A01F-364C249786EB}
	EndGlobalSection
EndGlobal
